Microsoft Visual Studio Solution File, Format Version 12.00
# Visual Studio Version 17
VisualStudioVersion = 17.5.2.0
MinimumVisualStudioVersion = 10.0.40219.1
Project("{FAE04EC0-301F-11D3-BF4B-00C04F79EFBC}") = "phase3", "phase3.csproj", "{F89CC46A-4098-ADE7-ED25-75FA12E74EBF}"
EndProject
Global
	GlobalSection(SolutionConfigurationPlatforms) = preSolution
		Debug|Any CPU = Debug|Any CPU
		Release|Any CPU = Release|Any CPU
	EndGlobalSection
	GlobalSection(ProjectConfigurationPlatforms) = postSolution
		{F89CC46A-4098-ADE7-ED25-75FA12E74EBF}.Debug|Any CPU.ActiveCfg = Debug|Any CPU
		{F89CC46A-4098-ADE7-ED25-75FA12E74EBF}.Debug|Any CPU.Build.0 = Debug|Any CPU
		{F89CC46A-4098-ADE7-ED25-75FA12E74EBF}.Release|Any CPU.ActiveCfg = Release|Any CPU
		{F89CC46A-4098-ADE7-ED25-75FA12E74EBF}.Release|Any CPU.Build.0 = Release|Any CPU
	EndGlobalSection
	GlobalSection(SolutionProperties) = preSolution
		HideSolutionNode = FALSE
	EndGlobalSection
	GlobalSection(ExtensibilityGlobals) = postSolution
		SolutionGuid = {8EE0C42F-DCAA-4F6F-9E2A-866B694F2DC7}
	EndGlobalSection
EndGlobal
